{
  "lockfile-version": 1,
  "manifest": {
    "schema-version": "1.13.0",
    "install": {
      "fastqc": {
        "pkg-path": "fastqc",
        "version": "0.12.1"
      }
    },
    "options": {
      "systems": [
        "aarch64-darwin",
        "aarch64-linux",
        "x86_64-darwin",
        "x86_64-linux"
      ]
    }
  },
  "packages": [
    {
      "attr_path": "fastqc",
      "broken": false,
      "derivation": "/nix/store/p1b3darwm9amisxnzl0qyma0isdka67q-fastqc-0.12.1.drv",
      "description": "Quality control application for high throughput sequence data",
      "install_id": "fastqc",
      "license": "[ GPL-3.0-or-later, Apache-2.0 ]",
      "locked_url": "https://github.com/flox/nixpkgs?rev=d407951447dcd00442e97087bf374aad70c04cea",
      "name": "fastqc-0.12.1",
      "pname": "fastqc",
      "rev": "d407951447dcd00442e97087bf374aad70c04cea",
      "rev_count": 1027867,
      "rev_date": "2026-07-05T04:06:12Z",
      "scrape_date": "2026-07-06T03:12:55.775063Z",
      "stabilities": [
        "staging",
        "unstable"
      ],
      "unfree": false,
      "version": "0.12.1",
      "outputs_to_install": [
        "out"
      ],
      "outputs": {
        "out": "/nix/store/3ri60bmhjw5fyc04w39wp4zfi008hb8w-fastqc-0.12.1"
      },
      "system": "aarch64-darwin",
      "group": "toplevel",
      "priority": 5
    },
    {
      "attr_path": "fastqc",
      "broken": false,
      "derivation": "/nix/store/3fgj2v6czr3r6s2qvgsvm347p3zb6hq2-fastqc-0.12.1.drv",
      "description": "Quality control application for high throughput sequence data",
      "install_id": "fastqc",
      "license": "[ GPL-3.0-or-later, Apache-2.0 ]",
      "locked_url": "https://github.com/flox/nixpkgs?rev=d407951447dcd00442e97087bf374aad70c04cea",
      "name": "fastqc-0.12.1",
      "pname": "fastqc",
      "rev": "d407951447dcd00442e97087bf374aad70c04cea",
      "rev_count": 1027867,
      "rev_date": "2026-07-05T04:06:12Z",
      "scrape_date": "2026-07-06T03:41:22.637699Z",
      "stabilities": [
        "staging",
        "unstable"
      ],
      "unfree": false,
      "version": "0.12.1",
      "outputs_to_install": [
        "out"
      ],
      "outputs": {
        "out": "/nix/store/mhiibi9379dcq5z40l5zmq894iyx9y3s-fastqc-0.12.1"
      },
      "system": "aarch64-linux",
      "group": "toplevel",
      "priority": 5
    },
    {
      "attr_path": "fastqc",
      "broken": false,
      "derivation": "/nix/store/mf5qickgh4rri8vshv051dw78gabg567-fastqc-0.12.1.drv",
      "description": "Quality control application for high throughput sequence data",
      "install_id": "fastqc",
      "license": "[ GPL-3.0-or-later, Apache-2.0 ]",
      "locked_url": "https://github.com/flox/nixpkgs?rev=d407951447dcd00442e97087bf374aad70c04cea",
      "name": "fastqc-0.12.1",
      "pname": "fastqc",
      "rev": "d407951447dcd00442e97087bf374aad70c04cea",
      "rev_count": 1027867,
      "rev_date": "2026-07-05T04:06:12Z",
      "scrape_date": "2026-07-06T04:09:01.228976Z",
      "stabilities": [
        "staging",
        "unstable"
      ],
      "unfree": false,
      "version": "0.12.1",
      "outputs_to_install": [
        "out"
      ],
      "outputs": {
        "out": "/nix/store/wds8940a8iqw66bj5hl70x1143q4fazx-fastqc-0.12.1"
      },
      "system": "x86_64-darwin",
      "group": "toplevel",
      "priority": 5
    },
    {
      "attr_path": "fastqc",
      "broken": false,
      "derivation": "/nix/store/pqadsfyr7wajyvr3zn8zkqclgiy9bzwl-fastqc-0.12.1.drv",
      "description": "Quality control application for high throughput sequence data",
      "install_id": "fastqc",
      "license": "[ GPL-3.0-or-later, Apache-2.0 ]",
      "locked_url": "https://github.com/flox/nixpkgs?rev=d407951447dcd00442e97087bf374aad70c04cea",
      "name": "fastqc-0.12.1",
      "pname": "fastqc",
      "rev": "d407951447dcd00442e97087bf374aad70c04cea",
      "rev_count": 1027867,
      "rev_date": "2026-07-05T04:06:12Z",
      "scrape_date": "2026-07-06T04:40:25.375059Z",
      "stabilities": [
        "staging",
        "unstable"
      ],
      "unfree": false,
      "version": "0.12.1",
      "outputs_to_install": [
        "out"
      ],
      "outputs": {
        "out": "/nix/store/xd84l06nwjkcdvi9ys0x7v8vbih7y3ri-fastqc-0.12.1"
      },
      "system": "x86_64-linux",
      "group": "toplevel",
      "priority": 5
    }
  ]
}
