{
  "lockfile-version": 1,
  "manifest": {
    "schema-version": "1.13.0",
    "install": {
      "gatk": {
        "pkg-path": "gatk",
        "version": "4.6.2.0"
      },
      "gatkcondaenv": {
        "pkg-path": "flox-labs/gatkcondaenv"
      },
      "micromamba": {
        "pkg-path": "micromamba"
      }
    },
    "hook": {
      "on-activate": "# ---------------------------------------------------------------------------\n# Materialize gatkcondaenv (GATK's Python environment) once, into the persistent\n# per-environment cache. Everything here is idempotent and guarded by a sentinel,\n# so it runs on the *first* activation only; later activations are instant.\n#\n# WHY a conda env at all: GATK's gCNV / NVScoreVariants tools require gcnvkernel +\n# pymc/pytensor/pytorch at exact versions. Rebuilding that stack from nixpkgs is\n# possible but fragile (gcnvkernel is sensitive to pymc/pytensor versions), so we\n# reproduce the official conda env, the same one the GATK Docker image bakes in.\n#\n# WHY $FLOX_ENV_CACHE: it is the persistent, machine-local, per-environment store\n# (survives re-activation and rebuilds, is not committed). The ~3.7 GB conda env\n# belongs there, built once and reused, never in the git repo.\n# ---------------------------------------------------------------------------\nmaterialize_gatk_gcnv_env() {\n    local gcnv=\"$FLOX_ENV_CACHE/gatkcondaenv\"\n\n    # Sentinel: a fully-built env ends with `touch .ready`. If it exists we are\n    # done, return immediately so normal activations cost nothing.\n    if [ -f \"$gcnv/.ready\" ]; then\n        return 0\n    fi\n\n    # The conda lock is per-platform (conda packages are architecture-specific,\n    # like every other build in this repo). Map the running system to the flox\n    # system name so we pick the matching committed lock.\n    local sys\n    case \"$(uname -s)-$(uname -m)\" in\n        Linux-x86_64)   sys=x86_64-linux ;;\n        Linux-aarch64)  sys=aarch64-linux ;;\n        Darwin-arm64)   sys=aarch64-darwin ;;\n        *)              sys=\"$(uname -s)-$(uname -m)\" ;;\n    esac\n\n    # Locate the data files this hook needs: the per-platform lock, the gcnvkernel\n    # archive, and the exec-stack fix.\n    #\n    # PREFERRED: the flox-labs/gatkcondaenv catalog package, which installs them to\n    # $FLOX_ENV/share/gatkcondaenv. That path is present however the environment was\n    # obtained, which is what makes this environment portable.\n    #\n    # FALLBACK: this repo's own copies beside the manifest. $FLOX_ENV_PROJECT is the\n    # repo ONLY when the environment is a checkout of it. For an environment pulled\n    # from FloxHub (`flox activate -r flox-labs/gatk`) it is\n    # ~/.cache/flox/remote/<owner>/<name>, which contains just .flox and none of\n    # these files, so relying on it alone silently disabled the Python tools\n    # everywhere except in-tree. The fallback exists for in-tree development and can\n    # be dropped once the package is installed everywhere.\n    local assets\n    if [ -d \"$FLOX_ENV/share/gatkcondaenv\" ]; then\n        assets=\"$FLOX_ENV/share/gatkcondaenv\"\n    else\n        assets=\"$FLOX_ENV_PROJECT\"\n    fi\n\n    local lock=\"$assets/gatkcondaenv.$sys.lock\"\n\n    # No lock for this platform: do not fail activation, plain GATK (Java) still\n    # works; only the gCNV/NN Python tools are unavailable.\n    if [ ! -f \"$lock\" ]; then\n        echo \"gatk: no gatkcondaenv lock for '$sys', Java tools work; the gCNV/NN Python\"\n        echo \"      tools need one.\"\n        # Which advice is correct depends on WHY the lock is absent, so say which\n        # case this is rather than offering both and making the reader guess.\n        if [ \"$assets\" = \"$FLOX_ENV/share/gatkcondaenv\" ]; then\n            # Assets package is installed; it genuinely ships no lock for this\n            # platform. Installing it again would do nothing.\n            echo \"      The assets package is installed but carries no lock for '$sys'.\"\n            echo \"      One has to be generated on this platform (see README).\"\n        else\n            echo \"      Install the assets package, or, if it has no lock for '$sys'\"\n            echo \"      either, generate one on this platform (see README):\"\n            echo \"          flox install flox-labs/gatkcondaenv\"\n        fi\n        return 0\n    fi\n\n    echo \"gatk: materializing gatkcondaenv (GATK's Python env) on first run; ~2 GB download...\"\n\n    # Scope BOTH the root prefix and the downloaded-package cache to the flox\n    # cache, so the linked env and the package tarballs live under $FLOX_ENV_CACHE\n    # and are removed by `flox delete`. MAMBA_ROOT_PREFIX alone is not enough:\n    # micromamba still defaults its package cache to the shared ~/.mamba/pkgs, so\n    # CONDA_PKGS_DIRS is what actually redirects the tarball cache here.\n    export MAMBA_ROOT_PREFIX=\"$FLOX_ENV_CACHE/mamba-root\"\n    export CONDA_PKGS_DIRS=\"$FLOX_ENV_CACHE/mamba-root/pkgs\"\n\n    # Create from the EXPLICIT lock, not the yml. The yml solve is single-threaded\n    # and takes ~5+ minutes on this env's exact pins; the lock is the pre-solved\n    # list of exact package URLs, so `--file <lock>` SKIPS solving entirely and\n    # just downloads/links the pinned packages. Reproducible and fast for users.\n    if ! micromamba create -y -p \"$gcnv\" --file \"$lock\"; then\n        echo \"gatk: micromamba create failed; leaving gatkcondaenv unbuilt.\"\n        return 1\n    fi\n\n    # gcnvkernel is NOT a conda/PyPI package, GATK ships it inside the release as\n    # gatkPythonPackageArchive.zip. We committed that 119 KB archive here (rather\n    # than re-download GATK's 700 MB release just to extract it) and pip-install it\n    # into the freshly-created env, exactly as the official gatkcondaenv.yml does.\n    if ! \"$gcnv/bin/pip\" install --no-deps \"$assets/gatkPythonPackageArchive.zip\"; then\n        echo \"gatk: gcnvkernel install failed.\"\n        return 1\n    fi\n\n    # conda-forge's libtorch_cpu.so requests an executable stack (GNU_STACK RWE),\n    # which hardened/container kernels refuse, torch then fails to import. Clear\n    # the (spurious) executable-stack flag so NVScoreVariants works everywhere.\n    # Run with the env's own python: the fix only reads/writes ELF headers, so it\n    # never imports torch (which would be the thing that is broken).\n    \"$gcnv/bin/python\" \"$assets/clear-execstack.py\" \"$gcnv\"\n\n    # Mark complete only after every step succeeded, so a partial/aborted build\n    # is retried on the next activation instead of being trusted.\n    touch \"$gcnv/.ready\"\n    echo \"gatk: gatkcondaenv ready, gCNV and NVScoreVariants tools are enabled.\"\n}\n\nmaterialize_gatk_gcnv_env\n\n# ---------------------------------------------------------------------------\n# macOS only: warn when Xcode Command Line Tools are missing.\n#\n# WHY this is not covered by the materialization above: on a Mac without the CLT\n# every step of that build SUCCEEDS (the conda env links, gcnvkernel installs) and\n# `.ready` gets written, so the environment looks healthy, and then the gCNV tools\n# die at runtime. PyTensor compiles C++ at RUN time, and the conda env's own\n# clangxx_osx-arm64 defers to the system SDK and linker, which ship only with the\n# CLT. Without them `import gcnvkernel` fails on a missing stdio.h and then a\n# failed link. So \"materialized\" is not evidence the Python tools will run, and\n# that gap is what this warns about.\n#\n# WHY the lock cannot fix it: Apple does not permit redistributing the SDK. The\n# x86_64-linux lock ships gcc/gxx AND sysroot_linux-64 and is therefore fully\n# self-contained; the macOS one structurally cannot be.\n#\n# Warns on EVERY activation, not once at build time: the machine is in a broken\n# state until the tools are installed, and a message printed only during the\n# one-time materialization would scroll past unnoticed.\n# ---------------------------------------------------------------------------\nwarn_if_macos_toolchain_missing() {\n    [ \"$(uname -s)\" = \"Darwin\" ] || return 0\n\n    # Only meaningful once gatkcondaenv exists. If it does not, the platform/lock\n    # message above already explains that the Python tools are unavailable, and a\n    # second warning about compilers would just be noise.\n    [ -f \"$FLOX_ENV_CACHE/gatkcondaenv/.ready\" ] || return 0\n\n    # `xcode-select -p` prints the active developer dir and exits 0 when either the\n    # CLT or a full Xcode is installed; it exits non-zero when neither is.\n    xcode-select -p >/dev/null 2>&1 && return 0\n\n    echo \"gatk: Xcode Command Line Tools not found. gatkcondaenv is built, but GATK's\"\n    echo \"      gCNV and NVScoreVariants tools compile C++ at runtime via PyTensor and\"\n    echo \"      will fail without them. Install with:\"\n    echo \"          xcode-select --install\"\n    echo \"      Or run with PyTensor's C backend disabled, correct but much slower:\"\n    echo \"          PYTENSOR_FLAGS=cxx= gatk GermlineCNVCaller ...\"\n}\n\nwarn_if_macos_toolchain_missing\n\n# Put the materialized gatkcondaenv's bin FIRST on PATH, on every activation.\n#\n# WHY this is needed: GATK embeds no Python interpreter. When a Python-based tool\n# runs, GATK's PythonScriptExecutor invokes whatever `python` is on PATH and\n# imports gcnvkernel from it. So this conda interpreter must be on PATH whenever\n# the env is active (exactly as the official image does it, there `conda activate\n# gatk` puts the same interpreter on PATH).\n#\n# WHY it lives here in [hook] and NOT only in [profile]: [profile] is sourced only\n# by *interactive* shells. GATK is very commonly run non-interactively via\n# `flox activate -- gatk ...`, and that mode does not source [profile], so a PATH\n# export there alone would not apply (verified). on-activate runs for EVERY\n# activation mode, so setting PATH here covers both interactive shells and\n# `-- <cmd>`. This line runs every activation (the one-time build above is guarded\n# by its sentinel; the PATH must be re-set for each new shell). If no gatkcondaenv\n# was built (no lock for this platform) the dir simply does not exist and is\n# harmlessly ignored, leaving the Java tools fully working.\nexport PATH=\"$FLOX_ENV_CACHE/gatkcondaenv/bin:$PATH\"\n"
    },
    "profile": {
      "common": "# Re-assert gatkcondaenv/bin on PATH for INTERACTIVE shells.\n#\n# The [hook] above already exports this for every activation mode (including\n# `flox activate -- gatk ...`), so it is the functional guarantee. This profile\n# line is the interactive-shell counterpart: [profile] is sourced when you drop\n# into the env with a bare `flox activate` and work in it by hand, so keeping the\n# export here makes the behavior obvious to anyone reading the manifest and gives\n# a belated re-assert after shell rc files run. Verify in the shell with\n# `which python`, it should resolve to .flox/cache/gatkcondaenv/bin/python.\nexport PATH=\"$FLOX_ENV_CACHE/gatkcondaenv/bin:$PATH\"\n"
    },
    "options": {
      "systems": [
        "x86_64-linux",
        "aarch64-linux",
        "aarch64-darwin"
      ]
    }
  },
  "packages": [
    {
      "attr_path": "gatk",
      "broken": false,
      "derivation": "/nix/store/1rx926di0akn792rr136byz1qyin6idh-gatk-4.6.2.0.drv",
      "description": "Wide variety of tools with a primary focus on variant discovery and genotyping",
      "install_id": "gatk",
      "license": "Apache-2.0",
      "locked_url": "https://github.com/flox/nixpkgs?rev=0ae2bc1419c3f345984c2629e72e7a631820fa4d",
      "name": "gatk-4.6.2.0",
      "pname": "gatk",
      "rev": "0ae2bc1419c3f345984c2629e72e7a631820fa4d",
      "rev_count": 1057639,
      "rev_date": "2026-08-18T16:33:49Z",
      "scrape_date": "2026-08-20T04:55:34.620027Z",
      "stabilities": [
        "unstable"
      ],
      "unfree": false,
      "version": "4.6.2.0",
      "outputs_to_install": [
        "out"
      ],
      "outputs": {
        "out": "/nix/store/s492003mkmx9jqakrcg70fmkakkcnki9-gatk-4.6.2.0"
      },
      "system": "aarch64-darwin",
      "group": "toplevel",
      "priority": 5
    },
    {
      "attr_path": "gatk",
      "broken": false,
      "derivation": "/nix/store/wpxi04bm06zqw8z6py2v21gnwssmb76q-gatk-4.6.2.0.drv",
      "description": "Wide variety of tools with a primary focus on variant discovery and genotyping",
      "install_id": "gatk",
      "license": "Apache-2.0",
      "locked_url": "https://github.com/flox/nixpkgs?rev=0ae2bc1419c3f345984c2629e72e7a631820fa4d",
      "name": "gatk-4.6.2.0",
      "pname": "gatk",
      "rev": "0ae2bc1419c3f345984c2629e72e7a631820fa4d",
      "rev_count": 1057639,
      "rev_date": "2026-08-18T16:33:49Z",
      "scrape_date": "2026-08-20T05:25:03.452873Z",
      "stabilities": [
        "unstable"
      ],
      "unfree": false,
      "version": "4.6.2.0",
      "outputs_to_install": [
        "out"
      ],
      "outputs": {
        "out": "/nix/store/ilzm3dl8jcj402m9nld38lrzbp135k6m-gatk-4.6.2.0"
      },
      "system": "aarch64-linux",
      "group": "toplevel",
      "priority": 5
    },
    {
      "attr_path": "gatk",
      "broken": false,
      "derivation": "/nix/store/s2m95bqdhr1s91lyadvy3v4b6mnhxcjb-gatk-4.6.2.0.drv",
      "description": "Wide variety of tools with a primary focus on variant discovery and genotyping",
      "install_id": "gatk",
      "license": "Apache-2.0",
      "locked_url": "https://github.com/flox/nixpkgs?rev=0ae2bc1419c3f345984c2629e72e7a631820fa4d",
      "name": "gatk-4.6.2.0",
      "pname": "gatk",
      "rev": "0ae2bc1419c3f345984c2629e72e7a631820fa4d",
      "rev_count": 1057639,
      "rev_date": "2026-08-18T16:33:49Z",
      "scrape_date": "2026-08-20T05:57:56.481045Z",
      "stabilities": [
        "unstable"
      ],
      "unfree": false,
      "version": "4.6.2.0",
      "outputs_to_install": [
        "out"
      ],
      "outputs": {
        "out": "/nix/store/nk5z8mqcx9rq857h2l4mx8glczfyq4lw-gatk-4.6.2.0"
      },
      "system": "x86_64-linux",
      "group": "toplevel",
      "priority": 5
    },
    {
      "attr_path": "gatkcondaenv",
      "derivation": "/nix/store/1afnmfjxnbh10qwq051l7q3in3gl4gdz-gatkcondaenv-4.6.2.0-0000e63.drv",
      "description": "Conda locks and gcnvkernel archive for GATK's gatkcondaenv Python environment",
      "install_id": "gatkcondaenv",
      "locked_url": "ssh://git@github.com/flox/pharos-flox.git?rev=ea7b3c3fc5e7bb249c10d5f2ff15f48af433d9a6",
      "name": "gatkcondaenv-4.6.2.0-0000e63",
      "pname": "gatkcondaenv",
      "rev": "ea7b3c3fc5e7bb249c10d5f2ff15f48af433d9a6",
      "rev_count": 29,
      "rev_date": "2026-08-22T02:49:29Z",
      "scrape_date": "2026-08-22T02:55:51.581228382Z",
      "stabilities": [
        "unstable"
      ],
      "version": "4.6.2.0-0000e63",
      "outputs_to_install": [
        "out"
      ],
      "outputs": {
        "log": "/nix/store/dkm3jmzahgx3cr3qxjww9xy4w2qsfnhp-gatkcondaenv-4.6.2.0-0000e63-log",
        "out": "/nix/store/qwkxw4cs2vdgdp1g4lc8682aw3jgv9bn-gatkcondaenv-4.6.2.0-0000e63"
      },
      "system": "aarch64-darwin",
      "group": "toplevel",
      "priority": 5
    },
    {
      "attr_path": "gatkcondaenv",
      "derivation": "/nix/store/5as5wwn1h2rykv0j5pspgr5aza11v003-gatkcondaenv-4.6.2.0-0000e63.drv",
      "description": "Conda locks and gcnvkernel archive for GATK's gatkcondaenv Python environment",
      "install_id": "gatkcondaenv",
      "locked_url": "ssh://git@github.com/flox/pharos-flox.git?rev=3b6a5a01da41a85261c0b342592812f5a9ee2ddf",
      "name": "gatkcondaenv-4.6.2.0-0000e63",
      "pname": "gatkcondaenv",
      "rev": "3b6a5a01da41a85261c0b342592812f5a9ee2ddf",
      "rev_count": 26,
      "rev_date": "2026-08-21T22:15:41Z",
      "scrape_date": "2026-08-22T02:55:51.581233920Z",
      "stabilities": [
        "unstable"
      ],
      "version": "4.6.2.0-0000e63",
      "outputs_to_install": [
        "out"
      ],
      "outputs": {
        "log": "/nix/store/2lsgdm34cni0kq4wf4qfq6zcbmibrd2p-gatkcondaenv-4.6.2.0-0000e63-log",
        "out": "/nix/store/x4vyg4haxcqa0sj4phjj6hgmx9r025q8-gatkcondaenv-4.6.2.0-0000e63"
      },
      "system": "aarch64-linux",
      "group": "toplevel",
      "priority": 5
    },
    {
      "attr_path": "gatkcondaenv",
      "derivation": "/nix/store/y9w1sm3xr9cbady754rdq6zcv9qa6kz4-gatkcondaenv-4.6.2.0-0000e63.drv",
      "description": "Conda locks and gcnvkernel archive for GATK's gatkcondaenv Python environment",
      "install_id": "gatkcondaenv",
      "locked_url": "ssh://git@github.com/flox/pharos-flox.git?rev=d551322374cc1d0d447dc494100843ae300d1585",
      "name": "gatkcondaenv-4.6.2.0-0000e63",
      "pname": "gatkcondaenv",
      "rev": "d551322374cc1d0d447dc494100843ae300d1585",
      "rev_count": 28,
      "rev_date": "2026-08-22T02:11:21Z",
      "scrape_date": "2026-08-22T02:55:51.581246009Z",
      "stabilities": [
        "unstable"
      ],
      "version": "4.6.2.0-0000e63",
      "outputs_to_install": [
        "out"
      ],
      "outputs": {
        "log": "/nix/store/absd0hdhy1695fkmmzsvir7cbg0cgwpc-gatkcondaenv-4.6.2.0-0000e63-log",
        "out": "/nix/store/6h8mp680xcsbwn4281p72nfzzb3mhx6f-gatkcondaenv-4.6.2.0-0000e63"
      },
      "system": "x86_64-linux",
      "group": "toplevel",
      "priority": 5
    },
    {
      "attr_path": "micromamba",
      "broken": false,
      "derivation": "/nix/store/l9439iswxq924ykzmzv8fawvsn8nkp4f-micromamba-2.9.0.drv",
      "description": "Reimplementation of the conda package manager",
      "install_id": "micromamba",
      "license": "BSD-3-Clause",
      "locked_url": "https://github.com/flox/nixpkgs?rev=0ae2bc1419c3f345984c2629e72e7a631820fa4d",
      "name": "micromamba-2.9.0",
      "pname": "micromamba",
      "rev": "0ae2bc1419c3f345984c2629e72e7a631820fa4d",
      "rev_count": 1057639,
      "rev_date": "2026-08-18T16:33:49Z",
      "scrape_date": "2026-08-20T04:55:56.280115Z",
      "stabilities": [
        "unstable"
      ],
      "unfree": false,
      "version": "2.9.0",
      "outputs_to_install": [
        "out"
      ],
      "outputs": {
        "out": "/nix/store/bm7cd5s3av1kzqgjfpxx4q18lms93yl3-micromamba-2.9.0"
      },
      "system": "aarch64-darwin",
      "group": "toplevel",
      "priority": 5
    },
    {
      "attr_path": "micromamba",
      "broken": false,
      "derivation": "/nix/store/qbg9d0vd421yjzxvky37narai9faya7p-micromamba-2.9.0.drv",
      "description": "Reimplementation of the conda package manager",
      "install_id": "micromamba",
      "license": "BSD-3-Clause",
      "locked_url": "https://github.com/flox/nixpkgs?rev=0ae2bc1419c3f345984c2629e72e7a631820fa4d",
      "name": "micromamba-2.9.0",
      "pname": "micromamba",
      "rev": "0ae2bc1419c3f345984c2629e72e7a631820fa4d",
      "rev_count": 1057639,
      "rev_date": "2026-08-18T16:33:49Z",
      "scrape_date": "2026-08-20T05:25:36.633351Z",
      "stabilities": [
        "unstable"
      ],
      "unfree": false,
      "version": "2.9.0",
      "outputs_to_install": [
        "out"
      ],
      "outputs": {
        "out": "/nix/store/9c6lzd4321nap9346179gyijxak3a4rv-micromamba-2.9.0"
      },
      "system": "aarch64-linux",
      "group": "toplevel",
      "priority": 5
    },
    {
      "attr_path": "micromamba",
      "broken": false,
      "derivation": "/nix/store/96wp7jqnq46v29pgyi8hw31nnvpfh5c8-micromamba-2.9.0.drv",
      "description": "Reimplementation of the conda package manager",
      "install_id": "micromamba",
      "license": "BSD-3-Clause",
      "locked_url": "https://github.com/flox/nixpkgs?rev=0ae2bc1419c3f345984c2629e72e7a631820fa4d",
      "name": "micromamba-2.9.0",
      "pname": "micromamba",
      "rev": "0ae2bc1419c3f345984c2629e72e7a631820fa4d",
      "rev_count": 1057639,
      "rev_date": "2026-08-18T16:33:49Z",
      "scrape_date": "2026-08-20T05:58:32.493517Z",
      "stabilities": [
        "unstable"
      ],
      "unfree": false,
      "version": "2.9.0",
      "outputs_to_install": [
        "out"
      ],
      "outputs": {
        "out": "/nix/store/2hr1dxmg0nq1r45r4hqcbr16a7kax1nd-micromamba-2.9.0"
      },
      "system": "x86_64-linux",
      "group": "toplevel",
      "priority": 5
    }
  ]
}
