# This file may be used to create an environment using:
# $ conda create --name <env> --file <this file>
# platform: linux-aarch64
@EXPLICIT
https://conda.anaconda.org/conda-forge/linux-aarch64/libgomp-16.1.0-h8acb6b2_3.conda#125a83ce4446132c8a34c0542c723b97
https://conda.anaconda.org/conda-forge/linux-aarch64/_openmp_mutex-4.5-20_gnu.conda#468fd3bb9e1f671d36c2cbc677e56f1d
https://conda.anaconda.org/conda-forge/noarch/_r-mutex-1.0.1-anacondar_1.tar.bz2#19f9db5f4f1b7f5ef5f6d67207f25f38
https://conda.anaconda.org/conda-forge/linux-aarch64/libgcc-16.1.0-h205dda4_3.conda#3a001a2a07adb1ff35344c8f0749fe32
https://conda.anaconda.org/conda-forge/linux-aarch64/bzip2-1.0.8-h4777abc_10.conda#fd544ef1c672d645bf78e5819cbb8f91
https://conda.anaconda.org/conda-forge/linux-aarch64/ld_impl_linux-aarch64-2.46.1-bootstrap_h5389653_2.conda#ff483ecdd4e63140468f0f759f3f066f
https://conda.anaconda.org/conda-forge/linux-aarch64/libffi-3.7.0-h376a255_0.conda#81aedbde3ea118c602e8b289bf565ac5
https://conda.anaconda.org/conda-forge/linux-aarch64/libgcc-ng-16.1.0-he9431aa_3.conda#678da10dd742fe61c5929ad606399649
https://conda.anaconda.org/conda-forge/linux-aarch64/libnsl-2.0.1-h86ecc28_1.conda#d5d58b2dc3e57073fe22303f5fed4db7
https://conda.anaconda.org/conda-forge/linux-aarch64/libzlib-1.2.13-h68df207_6.conda#d69c6550eaf76e8e385f75e5ed60aed9
https://conda.anaconda.org/conda-forge/linux-aarch64/libsqlite-3.46.0-hf51ef55_0.conda#a8ae63fd6fb7d007f74ef3df95e5edf3
https://conda.anaconda.org/conda-forge/linux-aarch64/libuuid-2.42.2-h1022ec0_0.conda#58fa42bc4bc71fc329889497ec15effb
https://conda.anaconda.org/conda-forge/linux-aarch64/libxcrypt-4.4.38-h80f16a2_0.conda#b1a5cb7ff2d8f5911ba1fb6897176098
https://conda.anaconda.org/conda-forge/linux-aarch64/ncurses-6.6-h2b6f883_1.conda#c3b4349171ca987ff33a1de61f7b3f96
https://conda.anaconda.org/conda-forge/noarch/ca-certificates-2026.7.22-hbd8a1cb_0.conda#0f51e2391ade309db462a55611263e9c
https://conda.anaconda.org/conda-forge/linux-aarch64/openssl-3.6.3-h546c87b_1.conda#1600dfde78c5adba306f8571af62a323
https://conda.anaconda.org/conda-forge/linux-aarch64/readline-8.3-ha7194a6_1.conda#5b399a7afa10098f2a6b02263181426e
https://conda.anaconda.org/conda-forge/linux-aarch64/tk-8.6.13-h194ca79_0.conda#f75105e0585851f818e0009dd1dde4dc
https://conda.anaconda.org/conda-forge/noarch/tzdata-2026c-h151e31d_0.conda#fcb489df604d100968b737f2cb6076c6
https://conda.anaconda.org/conda-forge/linux-aarch64/liblzma-5.8.3-he30d5cf_1.conda#e0e6411a60d00186eec7c73f4118ab67
https://conda.anaconda.org/conda-forge/linux-aarch64/liblzma-devel-5.8.3-he30d5cf_1.conda#ab7c85535f5924315a7528efeb2011a0
https://conda.anaconda.org/conda-forge/linux-aarch64/xz-gpl-tools-5.8.3-hd704e39_1.conda#6543af33661ff21061b6db52c84a86fa
https://conda.anaconda.org/conda-forge/linux-aarch64/xz-tools-5.8.3-he30d5cf_1.conda#7c211f37ed725871ce3043090d5addd8
https://conda.anaconda.org/conda-forge/linux-aarch64/xz-5.8.3-hd704e39_1.conda#96a51f4137a543fd14fe96e1e560a5ac
https://conda.anaconda.org/conda-forge/linux-aarch64/python-3.10.13-hbbe8eec_1_cpython.conda#e316a3c6932e160082acc3cf791d0d9f
https://conda.anaconda.org/conda-forge/noarch/cached_property-1.5.2-pyha770c72_2.conda#f71e6840332854fd2eac6c3229768a9c
https://conda.anaconda.org/conda-forge/noarch/cached-property-1.5.2-hd8ed1ab_2.conda#1990eb3f49022846fbc7fc9624a0ee43
https://conda.anaconda.org/conda-forge/linux-aarch64/libstdcxx-16.1.0-hef695bb_3.conda#6bf7491911c80f4bb8dc1ce0106407b2
https://conda.anaconda.org/conda-forge/linux-aarch64/libaec-1.1.5-hff7e48a_0.conda#345c7bf559743adb5375ee3603911065
https://conda.anaconda.org/conda-forge/linux-aarch64/keyutils-1.6.3-h5bc82ec_1.conda#6d9be306ecb8dfc9ff46f02cb367d5c2
https://conda.anaconda.org/conda-forge/linux-aarch64/libedit-3.1.20250104-pl5321hc48eb74_1.conda#6e06eb2c9fda76721699bcdd759b9c60
https://conda.anaconda.org/conda-forge/linux-aarch64/libstdcxx-ng-16.1.0-hdbbeba8_3.conda#5d8a210441fb9e15507a3e073c52f150
https://conda.anaconda.org/conda-forge/linux-aarch64/krb5-1.21.3-h50a48e9_0.conda#29c10432a2ca1472b53f299ffb2ffa37
https://conda.anaconda.org/conda-forge/linux-aarch64/c-ares-1.34.8-h29ee22c_2.conda#eb80eb38625b8552a099aa88f8ba5db7
https://conda.anaconda.org/conda-forge/linux-aarch64/libev-4.33-h80f16a2_3.conda#f679b30a53d410d0b5ae0cb8f5b7397e
https://conda.anaconda.org/conda-forge/linux-aarch64/libnghttp2-1.58.0-hb0e430d_1.conda#8f724cdddffa79152de61f5564a3526b
https://conda.anaconda.org/conda-forge/linux-aarch64/libssh2-1.11.0-h492db2e_0.conda#45532845e121677ad328c9af9953f161
https://conda.anaconda.org/conda-forge/linux-aarch64/zstd-1.5.6-h02f22dd_0.conda#be8d5f8cf21aed237b8b182ea86b3dd6
https://conda.anaconda.org/conda-forge/linux-aarch64/libcurl-8.8.0-h4e8248e_1.conda#d3629660719854a4fc487c6a3dcd66b3
https://conda.anaconda.org/conda-forge/linux-aarch64/libgfortran5-16.1.0-h47adacf_3.conda#7195cf7a8c6590069822ea5cdd466b5a
https://conda.anaconda.org/conda-forge/linux-aarch64/libgfortran-16.1.0-he9431aa_3.conda#ca3a1d1e9664a78c55a807f4a15fe142
https://conda.anaconda.org/conda-forge/linux-aarch64/libgfortran-ng-16.1.0-he9431aa_3.conda#df2a01d91945a05f5159fd281ec851fd
https://conda.anaconda.org/conda-forge/linux-aarch64/hdf5-1.14.3-nompi_hd1676c9_105.conda#55dd1e8edf52fc44e71cf1c6890032c8
https://conda.anaconda.org/conda-forge/linux-aarch64/libopenblas-0.3.25-pthreads_h5a5ec62_0.conda#60e86bc93e3f213278dc5081115fb63b
https://conda.anaconda.org/conda-forge/linux-aarch64/libblas-3.9.0-20_linuxaarch64_openblas.conda#11590ed0fb5cebe7bbfa4bab8d8b07f8
https://conda.anaconda.org/conda-forge/linux-aarch64/libcblas-3.9.0-20_linuxaarch64_openblas.conda#b41e55ae2cb9d3518da2cbe3677b3b3b
https://conda.anaconda.org/conda-forge/linux-aarch64/liblapack-3.9.0-20_linuxaarch64_openblas.conda#e7412a592d9ee7c92026eb1189687271
https://conda.anaconda.org/conda-forge/noarch/python_abi-3.10-8_cp310.conda#05e00f3b21e88bb3d658ac700b2ce58c
https://conda.anaconda.org/conda-forge/linux-aarch64/numpy-1.26.2-py310hcbab775_0.conda#1fe51ede1c3d6b30bea27c2e58c90243
https://conda.anaconda.org/conda-forge/linux-aarch64/h5py-3.10.0-nompi_py310h7a20aa2_101.conda#281e774f1cd7d0ce02a5e9f761abcea0
https://conda.anaconda.org/conda-forge/noarch/packaging-26.3-pyhc364b38_0.conda#936687ed80f295a1f5dbcf8bd34c252c
https://conda.anaconda.org/conda-forge/noarch/h5netcdf-1.8.1-pyhd8ed1ab_0.conda#ca7f9ba8762d3e360e47917a10e23760
https://conda.anaconda.org/conda-forge/noarch/certifi-2026.7.22-pyhd8ed1ab_0.conda#37e13edbe3b48f1095a9d085ef9cd83b
https://conda.anaconda.org/conda-forge/linux-aarch64/contourpy-1.3.2-py310hf54e67a_0.conda#779694434d1f0a67c5260db76b7b7907
https://conda.anaconda.org/conda-forge/noarch/cycler-0.12.1-pyhcf101f3_2.conda#4c2a8fef270f6c69591889b93f9f55c1
https://conda.anaconda.org/conda-forge/linux-aarch64/libbrotlicommon-1.2.0-h384ecca_3.conda#d0d4029ed32776dce412334e0f1c6160
https://conda.anaconda.org/conda-forge/linux-aarch64/libbrotlidec-1.2.0-h011f0d3_3.conda#8c25aeafcbf1629c1e39ee7c03e77c93
https://conda.anaconda.org/conda-forge/linux-aarch64/libbrotlienc-1.2.0-hb247b97_3.conda#35f63f9c1202a85c121dbe40657612af
https://conda.anaconda.org/conda-forge/linux-aarch64/brotli-bin-1.2.0-hdc3483e_3.conda#16f1289d41808093c73b3c98a014676b
https://conda.anaconda.org/conda-forge/linux-aarch64/brotli-1.2.0-h52fc18c_3.conda#b1f4ee87d0d9c03e4a4c3578f5dc35a2
https://conda.anaconda.org/conda-forge/noarch/munkres-1.1.4-pyhd8ed1ab_1.conda#37293a85a0f4f77bbd9cf7aaefc62609
https://conda.anaconda.org/conda-forge/linux-aarch64/unicodedata2-17.0.1-py310h5b55623_0.conda#45dc3d0e49a9d54c2955494c6ae1aaf5
https://conda.anaconda.org/conda-forge/linux-aarch64/fonttools-4.63.0-py310h2d8da20_0.conda#b77749fdc784b67cd564c091a2d38a0d
https://conda.anaconda.org/conda-forge/linux-aarch64/libpng-1.6.43-h194ca79_0.conda#1123e504d9254dd9494267ab9aba95f0
https://conda.anaconda.org/conda-forge/linux-aarch64/freetype-2.12.1-hf0a5ef3_2.conda#a5ab74c5bd158c3d5532b66d8d83d907
https://conda.anaconda.org/conda-forge/linux-aarch64/kiwisolver-1.5.0-py310h65c7496_0.conda#5e9dd24bdd7f2dac4fadce87c758b0d6
https://conda.anaconda.org/conda-forge/linux-aarch64/libjpeg-turbo-2.1.5.1-h31becfc_1.conda#43df1034eebc03fc0c5bb0af9f6a4331
https://conda.anaconda.org/conda-forge/linux-aarch64/lerc-4.2.0-h52b7260_0.conda#9fcfe6be4f752b72be7abc69842ca396
https://conda.anaconda.org/conda-forge/linux-aarch64/libdeflate-1.18-hb4cce97_0.conda#e0d520842c0ae66b560cc65f9b96f658
https://conda.anaconda.org/conda-forge/linux-aarch64/libwebp-base-1.3.2-h31becfc_1.conda#675c1f4aa320704b899f4eb350a69418
https://conda.anaconda.org/conda-forge/linux-aarch64/libtiff-4.6.0-h360e80f_0.conda#432796daa8065ebbc1f4d0ec8aa265ed
https://conda.anaconda.org/conda-forge/linux-aarch64/lcms2-2.15-h2df2c41_2.conda#914081fbdcd0fac5dfe131f3d7751f01
https://conda.anaconda.org/conda-forge/linux-aarch64/pthread-stubs-0.4-he30d5cf_1003.conda#75ad6624c7f795b828227672ca4b5f0b
https://conda.anaconda.org/conda-forge/linux-aarch64/xorg-libxau-1.0.12-he30d5cf_2.conda#b03af9d9dfe7aec9e27db74fc41a4ba9
https://conda.anaconda.org/conda-forge/linux-aarch64/xorg-libxdmcp-1.1.5-he30d5cf_2.conda#044c398bf4b3b9c01741d8afe4ce1c3e
https://conda.anaconda.org/conda-forge/linux-aarch64/libxcb-1.15-h2a766a3_0.conda#eb3d8c8170e3d03f2564ed2024aa00c8
https://conda.anaconda.org/conda-forge/linux-aarch64/openjpeg-2.5.2-h0d9d63b_0.conda#fd2898519e839d5ceb778343f39a3176
https://conda.anaconda.org/conda-forge/linux-aarch64/pillow-10.0.1-py310hcb3d0b1_1.conda#38a2589710dcf8688f7fa94932d0247e
https://conda.anaconda.org/conda-forge/noarch/pyparsing-3.3.2-pyhcf101f3_0.conda#3687cc0b82a8b4c17e1f0eb7e47163d5
https://conda.anaconda.org/conda-forge/noarch/six-1.17.0-pyhe01879c_1.conda#3339e3b65d58accf4ca4fb8748ab16b3
https://conda.anaconda.org/conda-forge/noarch/python-dateutil-2.9.0.post0-pyhe01879c_2.conda#5b8d21249ff20967101ffa321cab24e8
https://conda.anaconda.org/conda-forge/linux-aarch64/matplotlib-base-3.8.2-py310h0a7f329_0.conda#00897b75783e1e4fce861a211a39c2d4
https://conda.anaconda.org/conda-forge/noarch/python-tzdata-2026.3-pyhd8ed1ab_0.conda#eefc8d916bd2e708d76d40398ef9a1ee
https://conda.anaconda.org/conda-forge/noarch/pytz-2026.3.post1-pyhcf101f3_0.conda#eb2fb9070c0232e96ae5515d8b28e4f9
https://conda.anaconda.org/conda-forge/linux-aarch64/pandas-2.1.3-py310hf9cab1f_0.conda#b510ab6f3e998857a3e2437b914ca4b7
https://conda.anaconda.org/conda-forge/noarch/platformdirs-4.11.3-pyhcf101f3_0.conda#31474b00d0ca5accac14eda09ba11216
https://conda.anaconda.org/conda-forge/linux-aarch64/scipy-1.11.3-py310hcbab775_1.conda#40d08c66e83c4d6e87334e8f6640cc22
https://conda.anaconda.org/conda-forge/noarch/setuptools-84.0.0-pyh332efcf_0.conda#62ac906f1cd582c6c264c95625cb9d6f
https://conda.anaconda.org/conda-forge/noarch/typing_extensions-4.16.0-pyhcf101f3_0.conda#c70ad746c22219b9700931707482992c
https://conda.anaconda.org/conda-forge/noarch/xarray-2025.6.1-pyhd8ed1ab_1.conda#145c6f2ac90174d9ad1a2a51b9d7c1dd
https://conda.anaconda.org/conda-forge/noarch/xarray-einstats-0.8.0-pyhd8ed1ab_1.conda#469d83261349ad6f3829a9aeebeb8822
https://conda.anaconda.org/conda-forge/noarch/arviz-0.23.4-pyhcf101f3_0.conda#f64907fda280c6f731d240572ca7956c
https://conda.anaconda.org/conda-forge/linux-aarch64/gettext-tools-0.25.1-h5ad3122_0.conda#4215d91c0eaae5274a36a3f211898c91
https://conda.anaconda.org/conda-forge/linux-aarch64/libasprintf-0.25.1-h5e0f5ae_0.conda#1c5813f6be57f087b6659593248daf00
https://conda.anaconda.org/conda-forge/linux-aarch64/libasprintf-devel-0.25.1-h5e0f5ae_0.conda#5df92d925fba917586f3ca31c96d8e6d
https://conda.anaconda.org/conda-forge/linux-aarch64/libgettextpo-0.25.1-h5ad3122_0.conda#ad7b109fbbff1407b1a7eeaa60d7086a
https://conda.anaconda.org/conda-forge/linux-aarch64/libgettextpo-devel-0.25.1-h5ad3122_0.conda#0d9d56bac6e4249da2bede0588ae1c1b
https://conda.anaconda.org/conda-forge/linux-aarch64/gettext-0.25.1-h5ad3122_0.conda#1e99d353785a5302bce1a5a86d249b2b
https://conda.anaconda.org/conda-forge/linux-aarch64/libiconv-1.18-h1ea5142_3.conda#951b54a36388613a99820b33b997f690
https://conda.anaconda.org/conda-forge/linux-aarch64/pcre2-10.40-he7b27c6_0.tar.bz2#2bb3167087f621daefab01b6a2ddc7f9
https://conda.anaconda.org/conda-forge/linux-aarch64/libglib-2.78.1-h0464669_0.conda#57f467b0b577893823feed0f4a5d14b1
https://conda.anaconda.org/conda-forge/linux-aarch64/atk-1.0-2.38.0-hf4e84e4_1.tar.bz2#515464ef36136ee19a64d0511f77df62
https://conda.anaconda.org/conda-forge/noarch/kernel-headers_linux-aarch64-6.12.0-h05a177a_6.conda#5c26119611fe36bb9bc1250bd35e5e07
https://conda.anaconda.org/conda-forge/noarch/sysroot_linux-aarch64-2.39-h934ec21_6.conda#841b6b6eb9cb4e22184d9f378986f3be
https://conda.anaconda.org/conda-forge/linux-aarch64/binutils_impl_linux-aarch64-2.46.1-bootstrap_h7a78c10_2.conda#e46bf5b1b79fa719bd6564c9cb4189c1
https://conda.anaconda.org/conda-forge/linux-aarch64/binutils_linux-aarch64-2.46.1-bootstrap_hf1166c9_2.conda#d6fbf769e52d25e4bceb3f8055e78bb9
https://conda.anaconda.org/conda-forge/linux-aarch64/biopython-1.84-py310hb52b2da_0.conda#3843ec556af07116945190c8d105a3a2
https://conda.anaconda.org/conda-forge/linux-aarch64/openblas-0.3.25-pthreads_h339cbfa_0.conda#e0fe9dad1f26708f60e18e9cdd0986a3
https://conda.anaconda.org/conda-forge/linux-aarch64/blas-1.1-openblas.tar.bz2#2adbe82b114da1ad45b87fbdbae0e9f6
https://conda.anaconda.org/conda-forge/linux-aarch64/brotli-python-1.2.0-py310hac1f945_3.conda#47cbecd913075462e9e162cabfd0f9d2
https://conda.anaconda.org/conda-forge/linux-aarch64/bwidget-1.10.1-h22914b5_2.conda#d4c43a69ed5ab5f76665ec0a65116a77
https://conda.anaconda.org/conda-forge/noarch/cachetools-7.1.7-pyhd8ed1ab_0.conda#2989a79976be82aca908b23523bef9bb
https://conda.anaconda.org/conda-forge/linux-aarch64/libexpat-2.8.1-hfae3067_1.conda#fac3b65a605cd253037fdf3daf2de8d9
https://conda.anaconda.org/conda-forge/linux-aarch64/expat-2.8.1-hfae3067_1.conda#4bcb07322aecccd75514fd585ad0b719
https://conda.anaconda.org/conda-forge/linux-aarch64/fontconfig-2.14.2-ha9a116f_0.conda#6d2d19ea85f9d41534cd28fdefd59a25
https://conda.anaconda.org/conda-forge/noarch/font-ttf-dejavu-sans-mono-2.37-hab24e00_0.tar.bz2#0c96522c6bdaed4b1566d11387caaf45
https://conda.anaconda.org/conda-forge/noarch/font-ttf-inconsolata-3.000-h77eed37_0.tar.bz2#34893075a5c9e55cdafac56607368fc6
https://conda.anaconda.org/conda-forge/noarch/font-ttf-source-code-pro-2.038-h77eed37_0.tar.bz2#4d59c254e01d9cde7957100457e2d5fb
https://conda.anaconda.org/conda-forge/noarch/font-ttf-ubuntu-0.83-h77eed37_3.conda#49023d73832ef61042f6a237cb2687e7
https://conda.anaconda.org/conda-forge/noarch/fonts-conda-forge-1-hc364b38_1.conda#a7970cd949a077b7cb9696379d338681
https://conda.anaconda.org/conda-forge/noarch/fonts-conda-ecosystem-1-0.tar.bz2#fee5683a3f04bd15cbd8318b096a27ab
https://conda.anaconda.org/conda-forge/linux-aarch64/icu-73.2-h787c7f5_0.conda#9d3c29d71f28452a2e843aff8cbe09d2
https://conda.anaconda.org/conda-forge/linux-aarch64/pixman-0.46.4-h7ac5ae9_3.conda#c5f34596fc05afb9ccc2782c42bcfcc5
https://conda.anaconda.org/conda-forge/linux-aarch64/xorg-libice-1.1.2-h86ecc28_0.conda#c8d8ec3e00cd0fd8a231789b91a7c5b7
https://conda.anaconda.org/conda-forge/linux-aarch64/xorg-libsm-1.2.6-hf23e593_1.conda#f5f4a1233da463827499fb4e5e1f0172
https://conda.anaconda.org/conda-forge/linux-aarch64/xorg-kbproto-1.0.7-h57736b2_1003.conda#034897696bebad405b3f01580af14c7e
https://conda.anaconda.org/conda-forge/linux-aarch64/xorg-xextproto-7.3.0-h57736b2_1004.conda#4589bf66785ace0f78e8d59d403aad98
https://conda.anaconda.org/conda-forge/linux-aarch64/xorg-xproto-7.0.31-h57736b2_1008.conda#3dd2b75fd06be7955bd3b0c0afa4fb8f
https://conda.anaconda.org/conda-forge/linux-aarch64/xorg-libx11-1.8.9-h055a233_0.conda#d5f0529d3568a2ce38a9aed44a9a8029
https://conda.anaconda.org/conda-forge/linux-aarch64/xorg-libxext-1.3.6-h57736b2_0.conda#bd1e86dd8aa3afd78a4bfdb4ef918165
https://conda.anaconda.org/conda-forge/linux-aarch64/xorg-xorgproto-2025.1-h80f16a2_1.conda#f2fb3e02f33803df14d7bf2a63266aa6
https://conda.anaconda.org/conda-forge/linux-aarch64/xorg-libxrender-0.9.11-h57736b2_1.conda#19fb476dc5cdd51b67719a6342fab237
https://conda.anaconda.org/conda-forge/linux-aarch64/zlib-1.2.13-h68df207_6.conda#11012f81be8e7dae8495df7ec17c0cc5
https://conda.anaconda.org/conda-forge/linux-aarch64/cairo-1.18.0-ha13f110_0.conda#425111f8cc6945c5d1307357dd819b9b
https://conda.anaconda.org/conda-forge/noarch/pycparser-3.0-pyhcf101f3_0.conda#9c5491066224083c41b6d5635ed7107b
https://conda.anaconda.org/conda-forge/linux-aarch64/cffi-2.1.1-py310hbdcee5f_2.conda#47c433ff9be4969a76329f37067aa2a4
https://conda.anaconda.org/conda-forge/noarch/charset-normalizer-3.5.1-pyhd8ed1ab_0.conda#e0ac3accc64e23e40969d660e5f58ac8
https://conda.anaconda.org/conda-forge/noarch/cloudpickle-3.1.2-pyhcf101f3_1.conda#61b8078a0905b12529abc622406cb62c
https://conda.anaconda.org/conda-forge/noarch/colorama-0.4.6-pyhd8ed1ab_1.conda#962b9857ee8e7018c22f2776ffa0b2d7
https://conda.anaconda.org/conda-forge/noarch/multipledispatch-0.6.0-pyhd8ed1ab_1.conda#121a57fce7fff0857ec70fa03200962f
https://conda.anaconda.org/conda-forge/noarch/toolz-1.1.0-pyhd8ed1ab_1.conda#c07a6153f8306e45794774cf9b13bd32
https://conda.anaconda.org/conda-forge/noarch/logical-unification-0.4.7-pyhd8ed1ab_0.conda#f2815c465aa44db830f0b31b7e6baaff
https://conda.anaconda.org/conda-forge/noarch/cons-0.4.7-pyhd8ed1ab_2.conda#31b1db820db9a562fb374ed9339d844c
https://conda.anaconda.org/conda-forge/noarch/cpython-3.10.20-py310hd8ed1ab_1.conda#bfe34936b4fa9b1fbe25e68a7abbd8eb
https://conda.anaconda.org/conda-forge/linux-aarch64/curl-8.8.0-h7daf2e0_1.conda#af7824989968474981d345504948cde5
https://conda.anaconda.org/conda-forge/noarch/dill-0.3.7-pyhd8ed1ab_0.conda#5e4f3466526c52bc9af2d2353a1460bd
https://conda.anaconda.org/conda-forge/noarch/etuples-0.3.10-pyhd8ed1ab_1.conda#315e9d823f7763da48e072e59bfd0e8e
https://conda.anaconda.org/conda-forge/noarch/fastprogress-1.0.3-pyhd8ed1ab_1.conda#a1f997959ce49fe4d554a8ae6d3ef494
https://conda.anaconda.org/conda-forge/noarch/filelock-3.32.3-pyhd8ed1ab_0.conda#1ef717bcf73da3edcaaf7bf12a1e846c
https://conda.anaconda.org/conda-forge/linux-aarch64/fribidi-1.0.16-he30d5cf_1.conda#a53fb4bfd0bc371eab779e79152fea74
https://conda.anaconda.org/conda-forge/noarch/fsspec-2026.7.0-pyhd8ed1ab_0.conda#b9176565976c773a0739bd83deaf06cc
https://conda.anaconda.org/conda-forge/noarch/libgcc-devel_linux-aarch64-12.4.0-h7b3af7c_102.conda#2cbe18ad69722b174d3f536f92e4fc25
https://conda.anaconda.org/conda-forge/linux-aarch64/libsanitizer-12.4.0-h469570c_2.conda#5a300cbd50f7e0fc582d325ac3c28c50
https://conda.anaconda.org/conda-forge/linux-aarch64/gcc_impl_linux-aarch64-12.4.0-h628656a_2.conda#2f7cb25395310fa69c251dea18769124
https://conda.anaconda.org/conda-forge/linux-aarch64/gcc-12.4.0-h7e62973_2.conda#e605824a02a81b3e3256636524c229d5
https://conda.anaconda.org/conda-forge/linux-aarch64/gcc_linux-aarch64-12.4.0-heb3b579_10.conda#aa8fc7586ec58fcc44e4b9f4895181fe
https://conda.anaconda.org/conda-forge/linux-aarch64/gdk-pixbuf-2.42.10-ha28a4fe_3.conda#3a94fe48507e03a5cee3fe1dce092685
https://conda.anaconda.org/conda-forge/linux-aarch64/gfortran_impl_linux-aarch64-12.4.0-h348ffa2_2.conda#b8488072748c86e287d436361940c1bb
https://conda.anaconda.org/conda-forge/linux-aarch64/giflib-5.2.2-h5dd31e5_1.conda#6e6566364080aaac269deeff7d1bd6b0
https://conda.anaconda.org/conda-forge/linux-aarch64/gmp-6.3.0-h4d6b352_3.conda#ce2326e31df1913341036653e1c07baa
https://conda.anaconda.org/conda-forge/linux-aarch64/mpfr-4.2.2-h4b21e80_1.conda#df5830aa74e0c5c354ca2f800796493b
https://conda.anaconda.org/conda-forge/linux-aarch64/mpc-1.4.0-he6dc3fb_0.conda#b3aa59caa59a7b0288a21b097f8b6bc4
https://conda.anaconda.org/conda-forge/linux-aarch64/gmpy2-2.3.1-py310h71fc85e_0.conda#052523efded1cd486d3dca82ca1de121
https://conda.anaconda.org/conda-forge/linux-aarch64/graphite2-1.3.15-hfae3067_1.conda#a2e63c949146d4564087d504df4413b8
https://conda.anaconda.org/conda-forge/linux-aarch64/harfbuzz-8.3.0-hebeb849_0.conda#1c06a74f88f085c2af16809fe4c31b73
https://conda.anaconda.org/conda-forge/linux-aarch64/pango-1.50.14-h11ef544_2.conda#2fe79e8224e0fd83f0660af9fa13f8ed
https://conda.anaconda.org/conda-forge/linux-aarch64/gtk2-2.24.33-h49e3f37_2.tar.bz2#ba2514944e7c59752de9508c6e9cb0ba
https://conda.anaconda.org/conda-forge/linux-aarch64/gts-0.7.6-he293c15_4.conda#2aeaeddbd89e84b60165463225814cfc
https://conda.anaconda.org/conda-forge/linux-aarch64/libwebp-1.3.2-h850206a_0.conda#5cdae28720b31ddb7fec8aafb4cb3396
https://conda.anaconda.org/conda-forge/linux-aarch64/libgd-2.3.3-h71b7332_8.conda#29e8dc283ece392e528cbb0c3d490ff1
https://conda.anaconda.org/conda-forge/linux-aarch64/libxml2-2.12.7-h49dc7a2_1.conda#cec3f7f6dd48a5b40ac62faa55288638
https://conda.anaconda.org/conda-forge/linux-aarch64/librsvg-2.56.3-h4341b47_1.conda#36969f1f27b5f0e76edeea33ea404b1b
https://conda.anaconda.org/conda-forge/linux-aarch64/graphviz-9.0.0-h65e8cce_1.conda#71674ee5e32c46d315e88e3c65394f1d
https://conda.anaconda.org/conda-forge/noarch/libstdcxx-devel_linux-aarch64-12.4.0-h7b3af7c_102.conda#d5b8708faacba4063d7a150cf9ec94f7
https://conda.anaconda.org/conda-forge/linux-aarch64/gxx_impl_linux-aarch64-12.4.0-h0bf7a72_2.conda#aeaa0618193ad8aa23457cd15eabfd61
https://conda.anaconda.org/conda-forge/linux-aarch64/gxx-12.4.0-h7e62973_2.conda#37d28c3a8d6a9408b8c9b043e74500fa
https://conda.anaconda.org/conda-forge/linux-aarch64/gxx_linux-aarch64-12.4.0-h3f57e68_10.conda#ba65e3da87da43ba05bed772c89d084d
https://conda.anaconda.org/conda-forge/noarch/hpack-4.2.0-pyhd8ed1ab_0.conda#b395909221b9bd1df066e5930e18855b
https://conda.anaconda.org/conda-forge/noarch/hyperframe-6.1.0-pyhd8ed1ab_0.conda#8e6923fc12f1fe8f8c4e5c9f343256ac
https://conda.anaconda.org/conda-forge/noarch/h2-4.4.1-pyhcf101f3_0.conda#e652ac7756069c456d0da2a922cd7df5
https://conda.anaconda.org/conda-forge/noarch/idna-3.19-pyhcf101f3_0.conda#a39ae05027e9b707742e41b30d296b75
https://conda.anaconda.org/conda-forge/linux-aarch64/markupsafe-3.0.3-py310h3b5aacf_1.conda#3a8d4c69d626abcfaede3f89df2599f8
https://conda.anaconda.org/conda-forge/noarch/jinja2-3.1.6-pyhcf101f3_1.conda#04558c96691bed63104678757beb4f8d
https://conda.anaconda.org/conda-forge/noarch/joblib-1.5.3-pyhd8ed1ab_0.conda#615de2a4d97af50c350e5cf160149e77
https://conda.anaconda.org/conda-forge/linux-aarch64/libabseil-20230802.1-cxx17_h2f0025b_0.conda#d1d7afab9c131b52ffe11aed370d06cd
https://conda.anaconda.org/conda-forge/linux-aarch64/libprotobuf-4.24.4-h87e877f_0.conda#379eb76375760ec4745e4d4a36059aec
https://conda.anaconda.org/conda-forge/linux-aarch64/libuv-1.52.1-h80f16a2_1.conda#8e2136432f02841b9d8b848045f66d7d
https://conda.anaconda.org/conda-forge/linux-aarch64/sleef-3.9.0-h5bb93e2_0.conda#b90e82764e7de5a291e263ead7950ad4
https://conda.anaconda.org/conda-forge/linux-aarch64/libtorch-2.1.0-cpu_generic_h6a407ab_3.conda#96e676c41a6cfeab753fb741a39bf037
https://conda.anaconda.org/conda-forge/noarch/lightning-utilities-0.15.3-pyhd8ed1ab_0.conda#237d294ca3acd678f590f1754e090802
https://conda.anaconda.org/conda-forge/linux-aarch64/make-4.4.1-he30d5cf_3.conda#9d82bf3d9bf57d56906354e2ad58204a
https://conda.anaconda.org/conda-forge/linux-aarch64/tornado-6.5.8-py310ha7967c6_0.conda#30cdc76727a2b997e6e2e43c4ea7af71
https://conda.anaconda.org/conda-forge/linux-aarch64/matplotlib-3.8.2-py310hbbe02a8_0.conda#91a0708693e2e105386eb61ebae8742f
https://conda.anaconda.org/conda-forge/noarch/minikanren-1.0.5-pyhd8ed1ab_1.conda#ef7868bd5e40d31a8a41312e91ec6a9c
https://conda.anaconda.org/conda-forge/noarch/mpmath-1.4.1-pyhd8ed1ab_0.conda#2e81b32b805f406d23ba61938a184081
https://conda.anaconda.org/conda-forge/noarch/networkx-3.4.2-pyh267e887_2.conda#fd40bf7f7f4bc4b647dc8512053d9873
https://conda.anaconda.org/conda-forge/noarch/nomkl-1.0-h5ca1d4c_0.tar.bz2#9a66894dfd07c4510beb6b3f9672ccc0
https://conda.anaconda.org/conda-forge/noarch/wheel-0.48.0-pyhd8ed1ab_0.conda#9a2124517bfd5d792e0f7b86eefdfeb8
https://conda.anaconda.org/conda-forge/noarch/pip-23.3.1-pyhd8ed1ab_0.conda#2400c0b86889f43aa52067161e1fb108
https://conda.anaconda.org/conda-forge/linux-aarch64/pytensor-base-2.18.3-py310h10ffd4f_0.conda#aa3b7625047ebde8f85777aae6d1dd76
https://conda.anaconda.org/conda-forge/linux-aarch64/pytensor-2.18.3-py310h0d1d2ea_0.conda#51101e12855b0ae8e51e1ffb14de87e7
https://conda.anaconda.org/conda-forge/noarch/typing-extensions-4.16.0-h69aa097_0.conda#c680b5747e8c4c8f23dca0bb7042a8fc
https://conda.anaconda.org/conda-forge/noarch/pymc-base-5.10.1-pyhd8ed1ab_0.conda#6a7d24e7b8c1f3555aa3bea5f9d26bbb
https://conda.anaconda.org/conda-forge/noarch/python-graphviz-0.21-pyhbacfb6d_0.conda#606d94da4566aa177df7615d68b29176
https://conda.anaconda.org/conda-forge/noarch/pymc-5.10.1-hd8ed1ab_0.conda#8b916dbfb7a7c39582e201fa556ee46e
https://conda.anaconda.org/bioconda/linux-aarch64/pysam-0.22.0-py310hce31f46_1.tar.bz2#55f25ce0628eb6de25a2f1ea03dac0ab
https://conda.anaconda.org/conda-forge/noarch/pysocks-1.7.1-pyha55dd90_7.conda#461219d1a5bd61342293efa2c0c90eac
https://conda.anaconda.org/conda-forge/noarch/sympy-1.14.0-pyh2585a3b_106.conda#32d866e43b25275f61566b9391ccb7b5
https://conda.anaconda.org/conda-forge/linux-aarch64/pytorch-2.1.0-cpu_generic_py310he244568_3.conda#84462a04c0038c2c3dabf64b22a0ad4a
https://conda.anaconda.org/conda-forge/linux-aarch64/yaml-0.2.5-h80f16a2_3.conda#032d8030e4a24fe1f72c74423a46fb88
https://conda.anaconda.org/conda-forge/linux-aarch64/pyyaml-6.0.3-py310h2d8da20_1.conda#7e1a74e779e08e3504230f8216be618b
https://conda.anaconda.org/conda-forge/linux-aarch64/zstandard-0.23.0-py310h5b55623_3.conda#9a899618b0b1ba4466d94ec0f3b125bc
https://conda.anaconda.org/conda-forge/noarch/urllib3-2.5.0-pyhd8ed1ab_0.conda#436c165519e140cb08d246a4472a9d6a
https://conda.anaconda.org/conda-forge/noarch/requests-2.34.2-pyhcf101f3_0.conda#4a85203c1d80c1059086ae860836ffb9
https://conda.anaconda.org/conda-forge/noarch/torchmetrics-1.9.0-pyhd8ed1ab_0.conda#307ddb12f595fd5910ebd5b98cb00561
https://conda.anaconda.org/conda-forge/noarch/tqdm-4.66.1-pyhd8ed1ab_0.conda#03c97908b976498dcae97eb4e4f3149c
https://conda.anaconda.org/conda-forge/noarch/pytorch-lightning-2.4.0-pyh101cb37_1.conda#8c70a8198fc40bdaeb2d71f3ade99e57
https://conda.anaconda.org/conda-forge/linux-aarch64/pyvcf-0.6.8-py310hbbe02a8_1003.conda#1aae47adfc0e2f59c699d1fa7f1f909d
https://conda.anaconda.org/conda-forge/linux-aarch64/sed-4.10-he1c5539_0.conda#59f2c90c66b956d9bc3e625df3ad8a0a
https://conda.anaconda.org/conda-forge/linux-aarch64/tktable-2.10-h89546af_7.conda#f63f48249b44bf644ee8e05728637671
https://conda.anaconda.org/conda-forge/linux-aarch64/xorg-libxt-1.3.1-h57736b2_0.conda#a9e4852c8e0b68ee783e7240030b696f
https://conda.anaconda.org/conda-forge/linux-aarch64/r-base-4.3.1-h422fad1_5.conda#f17bb03bb97d04f750a3eb2732c9b472
https://conda.anaconda.org/conda-forge/linux-aarch64/r-backports-1.4.1-r43h25e906a_2.conda#0e37e29640c7e952686ce959e92bebd9
https://conda.anaconda.org/conda-forge/linux-aarch64/r-bitops-1.0_9-r43hdd76399_0.conda#8cf832f4d77edd8cd95f0c2f7c14df77
https://conda.anaconda.org/conda-forge/linux-aarch64/r-catools-1.18.3-r43h21d2c02_0.conda#e96580ce1e8a5045f8724fdf3caa445a
https://conda.anaconda.org/conda-forge/linux-aarch64/r-cli-3.6.5-r43h21d2c02_0.conda#f558897f5e04ce8a04b0cb493554d09d
https://conda.anaconda.org/conda-forge/linux-aarch64/r-colorspace-2.1_1-r43hc1cf72c_0.conda#c9da79aeb5c6d292037dc4702fc230ac
https://conda.anaconda.org/conda-forge/noarch/r-crayon-1.5.3-r43hc72bb7e_1.conda#bafc77be1942ea00228cf18d2cb30e35
https://conda.anaconda.org/conda-forge/linux-aarch64/r-data.table-1.14.8-r43hb4ebc13_2.conda#9714c278914fc7679132200514555585
https://conda.anaconda.org/conda-forge/linux-aarch64/r-rlang-1.1.6-r43h21d2c02_0.conda#0f0bbb10207b43d1265ef1452c0d3c6a
https://conda.anaconda.org/conda-forge/linux-aarch64/r-ellipsis-0.3.2-r43hc1cf72c_3.conda#1b05cc26249d8951bc4b5a38891486cf
https://conda.anaconda.org/conda-forge/noarch/r-generics-0.1.4-r43hc72bb7e_0.conda#9df9346f18ca43dc30488fb2f520999c
https://conda.anaconda.org/conda-forge/linux-aarch64/r-glue-1.8.0-r43hdd76399_0.conda#dc43a78433ed854b0b4da73374698782
https://conda.anaconda.org/conda-forge/noarch/r-lifecycle-1.0.4-r43hc72bb7e_1.conda#7a0a8ba1fe2cf12b39062d8291e2fca8
https://conda.anaconda.org/conda-forge/linux-aarch64/r-magrittr-2.0.3-r43hc1cf72c_3.conda#af8643f1082d67798e48e5eaf1b4443b
https://conda.anaconda.org/conda-forge/linux-aarch64/r-fansi-1.0.6-r43hc1cf72c_1.conda#401de246b71cdc2f9350e04264ff79c8
https://conda.anaconda.org/conda-forge/linux-aarch64/r-utf8-1.2.6-r43hdd76399_0.conda#088a4e96cd9212f93926edd508142739
https://conda.anaconda.org/conda-forge/linux-aarch64/r-vctrs-0.6.5-r43h6170684_1.conda#d9b12e8b549435ee1dc664c287979c60
https://conda.anaconda.org/conda-forge/noarch/r-pillar-1.11.0-r43hc72bb7e_0.conda#657672af86f156a821b7a8d5ac88f916
https://conda.anaconda.org/conda-forge/noarch/r-r6-2.6.1-r43hc72bb7e_0.conda#be02712c703445dc5cabbe0f22d0d063
https://conda.anaconda.org/conda-forge/noarch/r-pkgconfig-2.0.3-r43hc72bb7e_4.conda#509adf7f5bc34d77064f28f487d7fa6e
https://conda.anaconda.org/conda-forge/linux-aarch64/r-tibble-3.3.0-r43hdd76399_0.conda#d396f72bdf1a341aa54512c79ae0ef57
https://conda.anaconda.org/conda-forge/noarch/r-withr-3.0.2-r43hc72bb7e_0.conda#e503cae9a96ad7771fa6ccd3af90477b
https://conda.anaconda.org/conda-forge/noarch/r-tidyselect-1.2.1-r43hc72bb7e_1.conda#f55367f874307bb57575ac1506079178
https://conda.anaconda.org/conda-forge/linux-aarch64/r-dplyr-1.1.3-r43h93f32a7_0.conda#620df067f4239f9b83aedb9c49c87a3e
https://conda.anaconda.org/conda-forge/linux-aarch64/r-farver-2.1.2-r43h6170684_1.conda#6148a1e9dc732ab60123d1e59d3d064d
https://conda.anaconda.org/conda-forge/noarch/r-getopt-1.20.4-r43ha770c72_1.conda#cf6793c369dbc7ef63d9c1bc9b186615
https://conda.anaconda.org/conda-forge/noarch/r-gtable-0.3.6-r43hc72bb7e_0.conda#08f643f31ac131aa067e42ad5f832313
https://conda.anaconda.org/conda-forge/linux-aarch64/r-isoband-0.2.7-r43h6170684_3.conda#0cceab3b4ef920f4c26a504e60a4b268
https://conda.anaconda.org/conda-forge/linux-aarch64/r-mass-7.3_60.0.1-r43hc1cf72c_1.conda#7b0e190cfc366a20ada9676fe7c06590
https://conda.anaconda.org/conda-forge/linux-aarch64/r-lattice-0.22_7-r43hdd76399_0.conda#799c9df2249d40f00ee66805123dd7bd
https://conda.anaconda.org/conda-forge/linux-aarch64/r-matrix-1.6_5-r43h4469540_1.conda#8bb591559977d6ceb632ac2e74d1b845
https://conda.anaconda.org/conda-forge/linux-aarch64/r-nlme-3.1_168-r43h6e524ba_0.conda#7cd1bc46bc8c300b8a7243d443be8047
https://conda.anaconda.org/conda-forge/linux-aarch64/r-mgcv-1.9_3-r43h309c413_0.conda#a1b9434e52e823edb7af8db8f38e249c
https://conda.anaconda.org/conda-forge/noarch/r-labeling-0.4.3-r43hc72bb7e_1.conda#0464c37b6ff6701cbb8606e8f4bfebe4
https://conda.anaconda.org/conda-forge/noarch/r-munsell-0.5.1-r43hc72bb7e_1.conda#8b2f9bb8064ae0896ffedd984661a2d5
https://conda.anaconda.org/conda-forge/noarch/r-rcolorbrewer-1.1_3-r43h785f33e_3.conda#ceb1c167b7d9e5eefed0ecbe759540de
https://conda.anaconda.org/conda-forge/noarch/r-viridislite-0.4.2-r43hc72bb7e_2.conda#2a5b8c2803b5714f3319a238c66cc9e7
https://conda.anaconda.org/conda-forge/noarch/r-scales-1.4.0-r43hc72bb7e_0.conda#ba5fa427e6421aded56f95bd925e3572
https://conda.anaconda.org/conda-forge/noarch/r-ggplot2-3.4.4-r43hc72bb7e_0.conda#387333c7465bdd8555d4c75d8ebf2c09
https://conda.anaconda.org/conda-forge/linux-aarch64/r-gtools-3.9.5-r43hc1cf72c_1.conda#74eede52a6d2a1b75b1957450274e030
https://conda.anaconda.org/conda-forge/linux-aarch64/r-kernsmooth-2.23_26-r43h65a6711_0.conda#d29607f45c7278df2db29709c7df39cb
https://conda.anaconda.org/conda-forge/noarch/r-gplots-3.1.3.1-r43hc72bb7e_1.conda#f0dd63ca7bd121a038d17dddce5887d1
https://conda.anaconda.org/conda-forge/noarch/r-gsalib-2.2.1-r43hc72bb7e_3.conda#be97a5b60c6eb17a94eb9dd0e2f24acc
https://conda.anaconda.org/conda-forge/noarch/r-optparse-1.7.3-r43hc72bb7e_2.conda#60cb5bb240de046b21576448a7c7cf56
https://conda.anaconda.org/conda-forge/noarch/threadpoolctl-3.6.0-pyhecae5ae_0.conda#9d64911b31d57ca443e9f1e36b04385f
https://conda.anaconda.org/conda-forge/linux-aarch64/scikit-learn-1.3.2-py310hc266c7b_2.conda#2a2f81723c6a45d3d07393609c2a56f8
