{
  "lockfile-version": 1,
  "manifest": {
    "schema-version": "1.13.0",
    "install": {
      "samtools": {
        "pkg-path": "samtools",
        "version": "1.19.2"
      }
    },
    "options": {
      "systems": [
        "x86_64-linux",
        "aarch64-linux",
        "aarch64-darwin"
      ]
    }
  },
  "packages": [
    {
      "attr_path": "samtools",
      "broken": false,
      "derivation": "/nix/store/zqvaz0m6k08z0x0jr0v3mxcd5ijzfl0y-samtools-1.19.2.drv",
      "description": "Tools for manipulating SAM/BAM/CRAM format",
      "install_id": "samtools",
      "license": "MIT",
      "locked_url": "https://github.com/flox/nixpkgs?rev=eb62e6aa39ea67e0b8018ba8ea077efe65807dc8",
      "name": "samtools-1.19.2",
      "pname": "samtools",
      "rev": "eb62e6aa39ea67e0b8018ba8ea077efe65807dc8",
      "rev_count": 738172,
      "rev_date": "2025-01-14T19:41:48Z",
      "scrape_date": "2025-01-16T00:14:48Z",
      "stabilities": [
        "staging",
        "unstable"
      ],
      "unfree": false,
      "version": "1.19.2",
      "outputs_to_install": [
        "out"
      ],
      "outputs": {
        "out": "/nix/store/wkz9d60p2knw8jp4yvfb62igqzkmbyz6-samtools-1.19.2"
      },
      "system": "aarch64-darwin",
      "group": "toplevel",
      "priority": 5
    },
    {
      "attr_path": "samtools",
      "broken": false,
      "derivation": "/nix/store/sf4lxsq637a7x7pm5w7ykp95vk8cnclf-samtools-1.19.2.drv",
      "description": "Tools for manipulating SAM/BAM/CRAM format",
      "install_id": "samtools",
      "license": "MIT",
      "locked_url": "https://github.com/flox/nixpkgs?rev=eb62e6aa39ea67e0b8018ba8ea077efe65807dc8",
      "name": "samtools-1.19.2",
      "pname": "samtools",
      "rev": "eb62e6aa39ea67e0b8018ba8ea077efe65807dc8",
      "rev_count": 738172,
      "rev_date": "2025-01-14T19:41:48Z",
      "scrape_date": "2025-01-16T00:14:48Z",
      "stabilities": [
        "staging",
        "unstable"
      ],
      "unfree": false,
      "version": "1.19.2",
      "outputs_to_install": [
        "out"
      ],
      "outputs": {
        "out": "/nix/store/xfyvj2q824gmmspy40fpgx9laippgpn9-samtools-1.19.2"
      },
      "system": "aarch64-linux",
      "group": "toplevel",
      "priority": 5
    },
    {
      "attr_path": "samtools",
      "broken": false,
      "derivation": "/nix/store/gxcsnqjai4m86jk8qkaj9k40yl28bxry-samtools-1.19.2.drv",
      "description": "Tools for manipulating SAM/BAM/CRAM format",
      "install_id": "samtools",
      "license": "MIT",
      "locked_url": "https://github.com/flox/nixpkgs?rev=eb62e6aa39ea67e0b8018ba8ea077efe65807dc8",
      "name": "samtools-1.19.2",
      "pname": "samtools",
      "rev": "eb62e6aa39ea67e0b8018ba8ea077efe65807dc8",
      "rev_count": 738172,
      "rev_date": "2025-01-14T19:41:48Z",
      "scrape_date": "2025-01-16T00:14:48Z",
      "stabilities": [
        "staging",
        "unstable"
      ],
      "unfree": false,
      "version": "1.19.2",
      "outputs_to_install": [
        "out"
      ],
      "outputs": {
        "out": "/nix/store/r82pkg4cfdg45gfpjmyzbb5f0frl9756-samtools-1.19.2"
      },
      "system": "x86_64-linux",
      "group": "toplevel",
      "priority": 5
    }
  ]
}
