{
  "lockfile-version": 1,
  "manifest": {
    "schema-version": "1.13.0",
    "install": {
      "strelka": {
        "pkg-path": "strelka",
        "version": "2.9.10"
      }
    },
    "options": {
      "systems": [
        "aarch64-linux",
        "x86_64-linux"
      ]
    }
  },
  "packages": [
    {
      "attr_path": "strelka",
      "broken": false,
      "derivation": "/nix/store/84800v7rinhk47lmwjnnjrfy2vqznhrn-strelka-2.9.10.drv",
      "description": "Germline and small variant caller",
      "install_id": "strelka",
      "license": "GPL-3.0",
      "locked_url": "https://github.com/flox/nixpkgs?rev=b6eaf97c6960d97350c584de1b6dcff03c9daf42",
      "name": "strelka-2.9.10",
      "pname": "strelka",
      "rev": "b6eaf97c6960d97350c584de1b6dcff03c9daf42",
      "rev_count": 769969,
      "rev_date": "2025-03-18T09:06:34Z",
      "scrape_date": "2025-03-20T01:29:08.953890Z",
      "stabilities": [
        "staging",
        "unstable"
      ],
      "unfree": false,
      "version": "2.9.10",
      "outputs_to_install": [
        "out"
      ],
      "outputs": {
        "out": "/nix/store/zgg8606a95chcimj8yg94vkmm10v4ns9-strelka-2.9.10"
      },
      "system": "aarch64-linux",
      "group": "toplevel",
      "priority": 5
    },
    {
      "attr_path": "strelka",
      "broken": false,
      "derivation": "/nix/store/587n7bb2hdkvrybsx0a7hyblnib49qfp-strelka-2.9.10.drv",
      "description": "Germline and small variant caller",
      "install_id": "strelka",
      "license": "GPL-3.0",
      "locked_url": "https://github.com/flox/nixpkgs?rev=b6eaf97c6960d97350c584de1b6dcff03c9daf42",
      "name": "strelka-2.9.10",
      "pname": "strelka",
      "rev": "b6eaf97c6960d97350c584de1b6dcff03c9daf42",
      "rev_count": 769969,
      "rev_date": "2025-03-18T09:06:34Z",
      "scrape_date": "2025-03-20T02:05:19.818481Z",
      "stabilities": [
        "staging",
        "unstable"
      ],
      "unfree": false,
      "version": "2.9.10",
      "outputs_to_install": [
        "out"
      ],
      "outputs": {
        "out": "/nix/store/wyjpv5lnhs2cpl266h90gam1qgf2qjzi-strelka-2.9.10"
      },
      "system": "x86_64-linux",
      "group": "toplevel",
      "priority": 5
    }
  ]
}
